// !$*UTF8*$!
{
	archiveVersion = 1;
	classes = {
	};
	objectVersion = 48;
	objects = {

/* Begin PBXBuildFile section */
		BA45898B204C1C4D00AB2761 /* AppDelegate.swift in Sources */ = {isa = PBXBuildFile; fileRef = BA45898A204C1C4D00AB2761 /* AppDelegate.swift */; };
		BA45898D204C1C4D00AB2761 /* ViewController.swift in Sources */ = {isa = PBXBuildFile; fileRef = BA45898C204C1C4D00AB2761 /* ViewController.swift */; };
		BA458990204C1C4D00AB2761 /* Main.storyboard in Resources */ = {isa = PBXBuildFile; fileRef = BA45898E204C1C4D00AB2761 /* Main.storyboard */; };
		BA458992204C1C4D00AB2761 /* Assets.xcassets in Resources */ = {isa = PBXBuildFile; fileRef = BA458991204C1C4D00AB2761 /* Assets.xcassets */; };
		BA458995204C1C4D00AB2761 /* LaunchScreen.storyboard in Resources */ = {isa = PBXBuildFile; fileRef = BA458993204C1C4D00AB2761 /* LaunchScreen.storyboard */; };
		BA4589A1204D40E900AB2761 /* MapClass.swift in Sources */ = {isa = PBXBuildFile; fileRef = BA4589A0204D40E900AB2761 /* MapClass.swift */; };
		BA4589A3204D6EEB00AB2761 /* elements.json in Resources */ = {isa = PBXBuildFile; fileRef = BA4589A2204D6EEB00AB2761 /* elements.json */; };
/* End PBXBuildFile section */

/* Begin PBXFileReference section */
		BA458987204C1C4D00AB2761 /* E-Car parking.app */ = {isa = PBXFileReference; explicitFileType = wrapper.application; includeInIndex = 0; path = "E-Car parking.app"; sourceTree = BUILT_PRODUCTS_DIR; };
		BA45898A204C1C4D00AB2761 /* AppDelegate.swift */ = {isa = PBXFileReference; lastKnownFileType = sourcecode.swift; path = AppDelegate.swift; sourceTree = "<group>"; };
		BA45898C204C1C4D00AB2761 /* ViewController.swift */ = {isa = PBXFileReference; lastKnownFileType = sourcecode.swift; path = ViewController.swift; sourceTree = "<group>"; };
		BA45898F204C1C4D00AB2761 /* Base */ = {isa = PBXFileReference; lastKnownFileType = file.storyboard; name = Base; path = Base.lproj/Main.storyboard; sourceTree = "<group>"; };
		BA458991204C1C4D00AB2761 /* Assets.xcassets */ = {isa = PBXFileReference; lastKnownFileType = folder.assetcatalog; path = Assets.xcassets; sourceTree = "<group>"; };
		BA458994204C1C4D00AB2761 /* Base */ = {isa = PBXFileReference; lastKnownFileType = file.storyboard; name = Base; path = Base.lproj/LaunchScreen.storyboard; sourceTree = "<group>"; };
		BA458996204C1C4D00AB2761 /* Info.plist */ = {isa = PBXFileReference; lastKnownFileType = text.plist.xml; path = Info.plist; sourceTree = "<group>"; };
		BA4589A0204D40E900AB2761 /* MapClass.swift */ = {isa = PBXFileReference; lastKnownFileType = sourcecode.swift; path = MapClass.swift; sourceTree = "<group>"; };
		BA4589A2204D6EEB00AB2761 /* elements.json */ = {isa = PBXFileReference; lastKnownFileType = text.json; path = elements.json; sourceTree = "<group>"; };
/* End PBXFileReference section */

/* Begin PBXFrameworksBuildPhase section */
		BA458984204C1C4D00AB2761 /* Frameworks */ = {
			isa = PBXFrameworksBuildPhase;
			buildActionMask = 2147483647;
			files = (
			);
			runOnlyForDeploymentPostprocessing = 0;
		};
/* End PBXFrameworksBuildPhase section */

/* Begin PBXGroup section */
		BA45897E204C1C4D00AB2761 = {
			isa = PBXGroup;
			children = (
				BA458989204C1C4D00AB2761 /* E-Car parking */,
				BA458988204C1C4D00AB2761 /* Products */,
			);
			sourceTree = "<group>";
		};
		BA458988204C1C4D00AB2761 /* Products */ = {
			isa = PBXGroup;
			children = (
				BA458987204C1C4D00AB2761 /* E-Car parking.app */,
			);
			name = Products;
			sourceTree = "<group>";
		};
		BA458989204C1C4D00AB2761 /* E-Car parking */ = {
			isa = PBXGroup;
			children = (
				BA4589A5204E80BB00AB2761 /* Model */,
				BA4589A4204E80AC00AB2761 /* View */,
				BA4589A6204E80C600AB2761 /* Controller */,
				BA458991204C1C4D00AB2761 /* Assets.xcassets */,
				BA458993204C1C4D00AB2761 /* LaunchScreen.storyboard */,
				BA458996204C1C4D00AB2761 /* Info.plist */,
				BA4589A7204E80E100AB2761 /* Supporting Files */,
			);
			path = "E-Car parking";
			sourceTree = "<group>";
		};
		BA4589A4204E80AC00AB2761 /* View */ = {
			isa = PBXGroup;
			children = (
				BA45898E204C1C4D00AB2761 /* Main.storyboard */,
			);
			path = View;
			sourceTree = "<group>";
		};
		BA4589A5204E80BB00AB2761 /* Model */ = {
			isa = PBXGroup;
			children = (
				BA4589A0204D40E900AB2761 /* MapClass.swift */,
				BA4589A2204D6EEB00AB2761 /* elements.json */,
			);
			path = Model;
			sourceTree = "<group>";
		};
		BA4589A6204E80C600AB2761 /* Controller */ = {
			isa = PBXGroup;
			children = (
				BA45898C204C1C4D00AB2761 /* ViewController.swift */,
				BA45898A204C1C4D00AB2761 /* AppDelegate.swift */,
			);
			path = Controller;
			sourceTree = "<group>";
		};
		BA4589A7204E80E100AB2761 /* Supporting Files */ = {
			isa = PBXGroup;
			children = (
			);
			path = "Supporting Files";
			sourceTree = "<group>";
		};
/* End PBXGroup section */

/* Begin PBXNativeTarget section */
		BA458986204C1C4D00AB2761 /* E-Car parking */ = {
			isa = PBXNativeTarget;
			buildConfigurationList = BA458999204C1C4D00AB2761 /* Build configuration list for PBXNativeTarget "E-Car parking" */;
			buildPhases = (
				BA458983204C1C4D00AB2761 /* Sources */,
				BA458984204C1C4D00AB2761 /* Frameworks */,
				BA458985204C1C4D00AB2761 /* Resources */,
			);
			buildRules = (
			);
			dependencies = (
			);
			name = "E-Car parking";
			productName = "E-Car parking";
			productReference = BA458987204C1C4D00AB2761 /* E-Car parking.app */;
			productType = "com.apple.product-type.application";
		};
/* End PBXNativeTarget section */

/* Begin PBXProject section */
		BA45897F204C1C4D00AB2761 /* Project object */ = {
			isa = PBXProject;
			attributes = {
				LastSwiftUpdateCheck = 0920;
				LastUpgradeCheck = 0920;
				ORGANIZATIONNAME = "Søren Knudsen";
				TargetAttributes = {
					BA458986204C1C4D00AB2761 = {
						CreatedOnToolsVersion = 9.2;
						ProvisioningStyle = Automatic;
					};
				};
			};
			buildConfigurationList = BA458982204C1C4D00AB2761 /* Build configuration list for PBXProject "E-Car parking" */;
			compatibilityVersion = "Xcode 8.0";
			developmentRegion = en;
			hasScannedForEncodings = 0;
			knownRegions = (
				en,
				Base,
			);
			mainGroup = BA45897E204C1C4D00AB2761;
			productRefGroup = BA458988204C1C4D00AB2761 /* Products */;
			projectDirPath = "";
			projectRoot = "";
			targets = (
				BA458986204C1C4D00AB2761 /* E-Car parking */,
			);
		};
/* End PBXProject section */

/* Begin PBXResourcesBuildPhase section */
		BA458985204C1C4D00AB2761 /* Resources */ = {
			isa = PBXResourcesBuildPhase;
			buildActionMask = 2147483647;
			files = (
				BA458995204C1C4D00AB2761 /* LaunchScreen.storyboard in Resources */,
				BA458992204C1C4D00AB2761 /* Assets.xcassets in Resources */,
				BA4589A3204D6EEB00AB2761 /* elements.json in Resources */,
				BA458990204C1C4D00AB2761 /* Main.storyboard in Resources */,
			);
			runOnlyForDeploymentPostprocessing = 0;
		};
/* End PBXResourcesBuildPhase section */

/* Begin PBXSourcesBuildPhase section */
		BA458983204C1C4D00AB2761 /* Sources */ = {
			isa = PBXSourcesBuildPhase;
			buildActionMask = 2147483647;
			files = (
				BA4589A1204D40E900AB2761 /* MapClass.swift in Sources */,
				BA45898D204C1C4D00AB2761 /* ViewController.swift in Sources */,
				BA45898B204C1C4D00AB2761 /* AppDelegate.swift in Sources */,
			);
			runOnlyForDeploymentPostprocessing = 0;
		};
/* End PBXSourcesBuildPhase section */

/* Begin PBXVariantGroup section */
		BA45898E204C1C4D00AB2761 /* Main.storyboard */ = {
			isa = PBXVariantGroup;
			children = (
				BA45898F204C1C4D00AB2761 /* Base */,
			);
			name = Main.storyboard;
			sourceTree = "<group>";
		};
		BA458993204C1C4D00AB2761 /* LaunchScreen.storyboard */ = {
			isa = PBXVariantGroup;
			children = (
				BA458994204C1C4D00AB2761 /* Base */,
			);
			name = LaunchScreen.storyboard;
			sourceTree = "<group>";
		};
/* End PBXVariantGroup section */

/* Begin XCBuildConfiguration section */
		BA458997204C1C4D00AB2761 /* Debug */ = {
			isa = XCBuildConfiguration;
			buildSettings = {
				ALWAYS_SEARCH_USER_PATHS = NO;
				CLANG_ANALYZER_NONNULL = YES;
				CLANG_ANALYZER_NUMBER_OBJECT_CONVERSION = YES_AGGRESSIVE;
				CLANG_CXX_LANGUAGE_STANDARD = "gnu++14";
				CLANG_CXX_LIBRARY = "libc++";
				CLANG_ENABLE_MODULES = YES;
				CLANG_ENABLE_OBJC_ARC = YES;
				CLANG_WARN_BLOCK_CAPTURE_AUTORELEASING = YES;
				CLANG_WARN_BOOL_CONVERSION = YES;
				CLANG_WARN_COMMA = YES;
				CLANG_WARN_CONSTANT_CONVERSION = YES;
				CLANG_WARN_DIRECT_OBJC_ISA_USAGE = YES_ERROR;
				CLANG_WARN_DOCUMENTATION_COMMENTS = YES;
				CLANG_WARN_EMPTY_BODY = YES;
				CLANG_WARN_ENUM_CONVERSION = YES;
				CLANG_WARN_INFINITE_RECURSION = YES;
				CLANG_WARN_INT_CONVERSION = YES;
				CLANG_WARN_NON_LITERAL_NULL_CONVERSION = YES;
				CLANG_WARN_OBJC_LITERAL_CONVERSION = YES;
				CLANG_WARN_OBJC_ROOT_CLASS = YES_ERROR;
				CLANG_WARN_RANGE_LOOP_ANALYSIS = YES;
				CLANG_WARN_STRICT_PROTOTYPES = YES;
				CLANG_WARN_SUSPICIOUS_MOVE = YES;
				CLANG_WARN_UNGUARDED_AVAILABILITY = YES_AGGRESSIVE;
				CLANG_WARN_UNREACHABLE_CODE = YES;
				CLANG_WARN__DUPLICATE_METHOD_MATCH = YES;
				CODE_SIGN_IDENTITY = "iPhone Developer";
				COPY_PHASE_STRIP = NO;
				DEBUG_INFORMATION_FORMAT = dwarf;
				ENABLE_STRICT_OBJC_MSGSEND = YES;
				ENABLE_TESTABILITY = YES;
				GCC_C_LANGUAGE_STANDARD = gnu11;
				GCC_DYNAMIC_NO_PIC = NO;
				GCC_NO_COMMON_BLOCKS = YES;
				GCC_OPTIMIZATION_LEVEL = 0;
				GCC_PREPROCESSOR_DEFINITIONS = (
					"DEBUG=1",
					"$(inherited)",
				);
				GCC_WARN_64_TO_32_BIT_CONVERSION = YES;
				GCC_WARN_ABOUT_RETURN_TYPE = YES_ERROR;
				GCC_WARN_UNDECLARED_SELECTOR = YES;
				GCC_WARN_UNINITIALIZED_AUTOS = YES_AGGRESSIVE;
				GCC_WARN_UNUSED_FUNCTION = YES;
				GCC_WARN_UNUSED_VARIABLE = YES;
				IPHONEOS_DEPLOYMENT_TARGET = 11.2;
				MTL_ENABLE_DEBUG_INFO = YES;
				ONLY_ACTIVE_ARCH = YES;
				SDKROOT = iphoneos;
				SWIFT_ACTIVE_COMPILATION_CONDITIONS = DEBUG;
				SWIFT_OPTIMIZATION_LEVEL = "-Onone";
			};
			name = Debug;
		};
		BA458998204C1C4D00AB2761 /* Release */ = {
			isa = XCBuildConfiguration;
			buildSettings = {
				ALWAYS_SEARCH_USER_PATHS = NO;
				CLANG_ANALYZER_NONNULL = YES;
				CLANG_ANALYZER_NUMBER_OBJECT_CONVERSION = YES_AGGRESSIVE;
				CLANG_CXX_LANGUAGE_STANDARD = "gnu++14";
				CLANG_CXX_LIBRARY = "libc++";
				CLANG_ENABLE_MODULES = YES;
				CLANG_ENABLE_OBJC_ARC = YES;
				CLANG_WARN_BLOCK_CAPTURE_AUTORELEASING = YES;
				CLANG_WARN_BOOL_CONVERSION = YES;
				CLANG_WARN_COMMA = YES;
				CLANG_WARN_CONSTANT_CONVERSION = YES;
				CLANG_WARN_DIRECT_OBJC_ISA_USAGE = YES_ERROR;
				CLANG_WARN_DOCUMENTATION_COMMENTS = YES;
				CLANG_WARN_EMPTY_BODY = YES;
				CLANG_WARN_ENUM_CONVERSION = YES;
				CLANG_WARN_INFINITE_RECURSION = YES;
				CLANG_WARN_INT_CONVERSION = YES;
				CLANG_WARN_NON_LITERAL_NULL_CONVERSION = YES;
				CLANG_WARN_OBJC_LITERAL_CONVERSION = YES;
				CLANG_WARN_OBJC_ROOT_CLASS = YES_ERROR;
				CLANG_WARN_RANGE_LOOP_ANALYSIS = YES;
				CLANG_WARN_STRICT_PROTOTYPES = YES;
				CLANG_WARN_SUSPICIOUS_MOVE = YES;
				CLANG_WARN_UNGUARDED_AVAILABILITY = YES_AGGRESSIVE;
				CLANG_WARN_UNREACHABLE_CODE = YES;
				CLANG_WARN__DUPLICATE_METHOD_MATCH = YES;
				CODE_SIGN_IDENTITY = "iPhone Developer";
				COPY_PHASE_STRIP = NO;
				DEBUG_INFORMATION_FORMAT = "dwarf-with-dsym";
				ENABLE_NS_ASSERTIONS = NO;
				ENABLE_STRICT_OBJC_MSGSEND = YES;
				GCC_C_LANGUAGE_STANDARD = gnu11;
				GCC_NO_COMMON_BLOCKS = YES;
				GCC_WARN_64_TO_32_BIT_CONVERSION = YES;
				GCC_WARN_ABOUT_RETURN_TYPE = YES_ERROR;
				GCC_WARN_UNDECLARED_SELECTOR = YES;
				GCC_WARN_UNINITIALIZED_AUTOS = YES_AGGRESSIVE;
				GCC_WARN_UNUSED_FUNCTION = YES;
				GCC_WARN_UNUSED_VARIABLE = YES;
				IPHONEOS_DEPLOYMENT_TARGET = 11.2;
				MTL_ENABLE_DEBUG_INFO = NO;
				SDKROOT = iphoneos;
				SWIFT_OPTIMIZATION_LEVEL = "-Owholemodule";
				VALIDATE_PRODUCT = YES;
			};
			name = Release;
		};
		BA45899A204C1C4D00AB2761 /* Debug */ = {
			isa = XCBuildConfiguration;
			buildSettings = {
				ASSETCATALOG_COMPILER_APPICON_NAME = AppIcon;
				CODE_SIGN_STYLE = Automatic;
				DEVELOPMENT_TEAM = VF53Y655SR;
				INFOPLIST_FILE = "E-Car parking/Info.plist";
				LD_RUNPATH_SEARCH_PATHS = "$(inherited) @executable_path/Frameworks";
				PRODUCT_BUNDLE_IDENTIFIER = "VF53Y655SR.E-Car-parking";
				PRODUCT_NAME = "$(TARGET_NAME)";
				SWIFT_VERSION = 4.0;
				TARGETED_DEVICE_FAMILY = "1,2";
			};
			name = Debug;
		};
		BA45899B204C1C4D00AB2761 /* Release */ = {
			isa = XCBuildConfiguration;
			buildSettings = {
				ASSETCATALOG_COMPILER_APPICON_NAME = AppIcon;
				CODE_SIGN_STYLE = Automatic;
				DEVELOPMENT_TEAM = VF53Y655SR;
				INFOPLIST_FILE = "E-Car parking/Info.plist";
				LD_RUNPATH_SEARCH_PATHS = "$(inherited) @executable_path/Frameworks";
				PRODUCT_BUNDLE_IDENTIFIER = "VF53Y655SR.E-Car-parking";
				PRODUCT_NAME = "$(TARGET_NAME)";
				SWIFT_VERSION = 4.0;
				TARGETED_DEVICE_FAMILY = "1,2";
			};
			name = Release;
		};
/* End XCBuildConfiguration section */

/* Begin XCConfigurationList section */
		BA458982204C1C4D00AB2761 /* Build configuration list for PBXProject "E-Car parking" */ = {
			isa = XCConfigurationList;
			buildConfigurations = (
				BA458997204C1C4D00AB2761 /* Debug */,
				BA458998204C1C4D00AB2761 /* Release */,
			);
			defaultConfigurationIsVisible = 0;
			defaultConfigurationName = Release;
		};
		BA458999204C1C4D00AB2761 /* Build configuration list for PBXNativeTarget "E-Car parking" */ = {
			isa = XCConfigurationList;
			buildConfigurations = (
				BA45899A204C1C4D00AB2761 /* Debug */,
				BA45899B204C1C4D00AB2761 /* Release */,
			);
			defaultConfigurationIsVisible = 0;
			defaultConfigurationName = Release;
		};
/* End XCConfigurationList section */
	};
	rootObject = BA45897F204C1C4D00AB2761 /* Project object */;
}
